# This file is autogenerated, do not edit; changes may be undone by the next 'dep ensure'.


[[projects]]
  branch = "master"
  digest = "1:af17442e784b704f8313e3b936b5c888849db1e036e46cfaa33c2654b083671d"
  name = "github.com/Unleash/unleash-client-go"
  packages = [
    ".",
    "context",
    "internal/api",
    "internal/strategies",
    "strategy",
  ]
  pruneopts = "UT"
  revision = "7073bbf1744953bc5169f03853f64cfe6e79f59b"

[[projects]]
  digest = "1:2aff5edb9bccd2974090fddb17ca7ab05a3f5c983db567c30c7f0b53404f5783"
  name = "github.com/ajg/form"
  packages = ["."]
  pruneopts = "UT"
  revision = "cc2954064ec9ea8d93917f0f87456e11d7b881ad"
  version = "v1.5"

[[projects]]
  branch = "master"
  digest = "1:ef5b0622d834c139454148b8fd0c92bb314828900532b267ae62da9fec109866"
  name = "github.com/armon/go-metrics"
  packages = ["."]
  pruneopts = "UT"
  revision = "f0300d1749da6fa982027e449ec0c7a145510c3c"

[[projects]]
  branch = "master"
  digest = "1:e41ddf5fafc2748d592f87ad010f6447b72360e833199cc97d6dfaf3b3a74afe"
  name = "github.com/arquillian/ike-prow-plugins"
  packages = ["pkg/retry"]
  pruneopts = "UT"
  revision = "6898b38307dc30b0b91edd0bb3a40aaa78a6b72e"

[[projects]]
  branch = "master"
  digest = "1:d6afaeed1502aa28e80a4ed0981d570ad91b2579193404256ce672ed0a609e0d"
  name = "github.com/beorn7/perks"
  packages = ["quantile"]
  pruneopts = "UT"
  revision = "3a771d992973f24aa725d07868b467d1ddfceafb"

[[projects]]
  digest = "1:fed1f537c2f1269fe475a8556c393fe466641682d73ef8fd0491cd3aa1e47bad"
  name = "github.com/certifi/gocertifi"
  packages = ["."]
  pruneopts = "UT"
  revision = "deb3ae2ef2610fde3330947281941c562861188b"
  version = "2018.01.18"

[[projects]]
  digest = "1:ffe9824d294da03b391f44e1ae8281281b4afc1bdaa9588c9097785e3af10cec"
  name = "github.com/davecgh/go-spew"
  packages = ["spew"]
  pruneopts = "UT"
  revision = "8991bc29aa16c548c550c7ff78260e27b9ab7c73"
  version = "v1.1.1"

[[projects]]
  digest = "1:bb2130e54ac8ea3ff78312ca365ce3b8a23423ed362530551bdceaccfa4d8e77"
  name = "github.com/dgrijalva/jwt-go"
  packages = [
    ".",
    "request",
  ]
  pruneopts = "UT"
  revision = "06ea1031745cb8b3dab3f6a236daf2b0aa468b7e"
  version = "v3.2.0"

[[projects]]
  branch = "master"
  digest = "1:376e5a9fdb57657725ff19b4c510c3f5e1f804ab4ab0ff3064d8f4dc01e40fe2"
  name = "github.com/dimfeld/httppath"
  packages = ["."]
  pruneopts = "UT"
  revision = "ee938bf735983d53694d79138ad9820efff94c92"

[[projects]]
  digest = "1:8d983343581370768675191a8695f52d663f50a9234c571128f3d146314892cf"
  name = "github.com/dimfeld/httptreemux"
  packages = ["."]
  pruneopts = "UT"
  revision = "7f532489e7739b3d49df5c602bf63549881fe753"
  version = "v5.0.1"

[[projects]]
  digest = "1:7e48c90132794b154a515880373083a86b35b2701d2bd502fbe505da7921a049"
  name = "github.com/dnaeon/go-vcr"
  packages = [
    "cassette",
    "recorder",
  ]
  pruneopts = "UT"
  revision = "fd097d581a47517ee36686adfd3153d6f8eca367"
  source = "https://github.com/xcoulon/go-vcr/"

[[projects]]
  digest = "1:71bde7ff755e0f2cdc372c89fccefc8a212242111df01e61fadd4d1521a7c920"
  name = "github.com/fabric8-services/fabric8-auth"
  packages = [
    "design",
    "errors",
    "log",
    "rest",
    "token/jwk",
  ]
  pruneopts = "UT"
  revision = "19eb16aaf10758299c4a5360600af983b8470909"

[[projects]]
  branch = "master"
  digest = "1:9d44048273ce4560f36e69544e3a035189af84597d3a08402d12f57700a1f995"
  name = "github.com/fabric8-services/fabric8-common"
  packages = [
    "configuration",
    "errors",
    "httpsupport",
    "log",
    "login/tokencontext",
    "sentry",
    "token",
  ]
  pruneopts = "UT"
  revision = "48ce8f91a726c3d628ef372cf543a33325bf6294"

[[projects]]
  branch = "master"
  digest = "1:036274611a8920f938120e8d5e18db3c66f906a5873842bd3033d0a089dc7c9a"
  name = "github.com/fabric8-services/fabric8-oso-proxy"
  packages = ["log"]
  pruneopts = "UT"
  revision = "601744c8bb872c675ad60359661017a2d0c7b0a4"

[[projects]]
  branch = "master"
  digest = "1:546d79a41abc78bdefca3b525775454a17daaf2f66ff303c0bb218179d29411d"
  name = "github.com/fabric8-services/fabric8-wit"
  packages = [
    "configuration",
    "errors",
    "goamiddleware",
    "log",
    "resource",
    "rest",
  ]
  pruneopts = "UT"
  revision = "59561d074d5bc6574994b4821db0bff0278fa010"

[[projects]]
  digest = "1:abeb38ade3f32a92943e5be54f55ed6d6e3b6602761d74b4aab4c9dd45c18abd"
  name = "github.com/fsnotify/fsnotify"
  packages = ["."]
  pruneopts = "UT"
  revision = "c2828203cd70a50dcccfb2761f8b1f8ceef9a8e9"
  version = "v1.4.7"

[[projects]]
  digest = "1:608d0fe1621755354728fbaeef8ada8b4a33001aec88b66c970e641be950d850"
  name = "github.com/getsentry/raven-go"
  packages = ["."]
  pruneopts = "UT"
  revision = "master"

[[projects]]
  digest = "1:2cd7915ab26ede7d95b8749e6b1f933f1c6d5398030684e6505940a10f31cfda"
  name = "github.com/ghodss/yaml"
  packages = ["."]
  pruneopts = "UT"
  revision = "0ca9ea5df5451ffdf184b4428c902747c2c11cd7"
  version = "v1.0.0"

[[projects]]
  digest = "1:5d894fc1aab279156862831645e0fd24623a6b9010d459c239c1e4392c5752fb"
  name = "github.com/goadesign/goa"
  packages = [
    ".",
    "client",
    "cors",
    "design",
    "design/apidsl",
    "dslengine",
    "encoding/form",
    "goagen",
    "goagen/codegen",
    "goagen/gen_app",
    "goagen/gen_client",
    "goagen/gen_controller",
    "goagen/gen_main",
    "goagen/gen_schema",
    "goagen/gen_swagger",
    "goagen/meta",
    "goagen/utils",
    "goatest",
    "logging/logrus",
    "middleware",
    "middleware/gzip",
    "middleware/security/jwt",
    "uuid",
    "version",
  ]
  pruneopts = "UT"
  revision = "5646a430cdeb66983d5ace3384e0a667c185abc7"
  version = "v1.3.0"

[[projects]]
  digest = "1:97df918963298c287643883209a2c3f642e6593379f97ab400c2a2e219ab647d"
  name = "github.com/golang/protobuf"
  packages = ["proto"]
  pruneopts = "UT"
  revision = "aa810b61a9c79d51363740d207bb46cf8e620ed5"
  version = "v1.2.0"

[[projects]]
  digest = "1:2be5a35f0c5b35162c41bb24971e5dcf6ce825403296ee435429cdcc4e1e847e"
  name = "github.com/hashicorp/go-immutable-radix"
  packages = ["."]
  pruneopts = "UT"
  revision = "27df80928bb34bb1b0d6d0e01b9e679902e7a6b5"
  version = "v1.0.0"

[[projects]]
  digest = "1:67474f760e9ac3799f740db2c489e6423a4cde45520673ec123ac831ad849cb8"
  name = "github.com/hashicorp/golang-lru"
  packages = ["simplelru"]
  pruneopts = "UT"
  revision = "20f1fb78b0740ba8c3cb143a61e86ba5c8669768"
  version = "v0.5.0"

[[projects]]
  digest = "1:c0d19ab64b32ce9fe5cf4ddceba78d5bc9807f0016db6b1183599da3dcc24d10"
  name = "github.com/hashicorp/hcl"
  packages = [
    ".",
    "hcl/ast",
    "hcl/parser",
    "hcl/printer",
    "hcl/scanner",
    "hcl/strconv",
    "hcl/token",
    "json/parser",
    "json/scanner",
    "json/token",
  ]
  pruneopts = "UT"
  revision = "8cb6e5b959231cc1119e43259c4a608f9c51a241"
  version = "v1.0.0"

[[projects]]
  digest = "1:870d441fe217b8e689d7949fef6e43efbc787e50f200cb1e70dbca9204a1d6be"
  name = "github.com/inconshreveable/mousetrap"
  packages = ["."]
  pruneopts = "UT"
  revision = "76626ae9c91c4f2a10f34cad8ce83ea42c93bb75"
  version = "v1.0"

[[projects]]
  digest = "1:235ae01f32fb5f12c5f6d2e0e05ab48e651ab31c126e45a4efc4f510810941ac"
  name = "github.com/jinzhu/gorm"
  packages = ["."]
  pruneopts = "UT"
  revision = "6ed508ec6a4ecb3531899a69cbc746ccf65a4166"
  version = "v1.9.1"

[[projects]]
  branch = "master"
  digest = "1:fd97437fbb6b7dce04132cf06775bd258cce305c44add58eb55ca86c6c325160"
  name = "github.com/jinzhu/inflection"
  packages = ["."]
  pruneopts = "UT"
  revision = "04140366298a54a039076d798123ffa108fff46c"

[[projects]]
  digest = "1:cbf8fd4a701702dd0b2c9382a5b4151646bdb4afbd653b563e54d92566405f8b"
  name = "github.com/jstemmer/go-junit-report"
  packages = [
    ".",
    "formatter",
    "parser",
  ]
  pruneopts = "UT"
  revision = "master"

[[projects]]
  digest = "1:611cdcd3bd9781ebe9ea11d21edbb71528ad75bf3ff76fc41897f20b4c787d98"
  name = "github.com/jteeuwen/go-bindata"
  packages = [
    ".",
    "go-bindata",
  ]
  pruneopts = "UT"
  revision = "bbd0c6e271208dce66d8fda4bc536453cd27fc4a"
  version = "v3.0.7"

[[projects]]
  digest = "1:8ef506fc2bb9ced9b151dafa592d4046063d744c646c1bbe801982ce87e4bc24"
  name = "github.com/lib/pq"
  packages = [
    ".",
    "oid",
  ]
  pruneopts = "UT"
  revision = "4ded0e9383f75c197b3a2aaa6d590ac52df6fd79"
  version = "v1.0.0"

[[projects]]
  digest = "1:c568d7727aa262c32bdf8a3f7db83614f7af0ed661474b24588de635c20024c7"
  name = "github.com/magiconair/properties"
  packages = ["."]
  pruneopts = "UT"
  revision = "c2353362d570a7bfa228149c62842019201cfb71"
  version = "v1.8.0"

[[projects]]
  branch = "master"
  digest = "1:393f23e872c9141dbe315c428dc3eac9406f029be7ab0e1cae2374486c07aa54"
  name = "github.com/manveru/faker"
  packages = ["."]
  pruneopts = "UT"
  revision = "9fbc68a78c4dbc7914e1a23f88f126bea4383b97"

[[projects]]
  digest = "1:ff5ebae34cfbf047d505ee150de27e60570e8c394b3b8fdbb720ff6ac71985fc"
  name = "github.com/matttproud/golang_protobuf_extensions"
  packages = ["pbutil"]
  pruneopts = "UT"
  revision = "c12348ce28de40eed0136aa2b644d0ee0650e56c"
  version = "v1.0.1"

[[projects]]
  digest = "1:645110e089152bd0f4a011a2648fbb0e4df5977be73ca605781157ac297f50c4"
  name = "github.com/mitchellh/mapstructure"
  packages = ["."]
  pruneopts = "UT"
  revision = "fa473d140ef3c6adf42d6b391fe76707f1f243c8"
  version = "v1.0.0"

[[projects]]
  digest = "1:95741de3af260a92cc5c7f3f3061e85273f5a81b5db20d4bd68da74bd521675e"
  name = "github.com/pelletier/go-toml"
  packages = ["."]
  pruneopts = "UT"
  revision = "c01d1270ff3e442a8a57cddc1c92dc1138598194"
  version = "v1.2.0"

[[projects]]
  digest = "1:40e195917a951a8bf867cd05de2a46aaf1806c50cf92eebf4c16f78cd196f747"
  name = "github.com/pkg/errors"
  packages = ["."]
  pruneopts = "UT"
  revision = "645ef00459ed84a119197bfb8d8205042c6df63d"
  version = "v0.8.0"

[[projects]]
  digest = "1:0028cb19b2e4c3112225cd871870f2d9cf49b9b4276531f03438a88e94be86fe"
  name = "github.com/pmezard/go-difflib"
  packages = ["difflib"]
  pruneopts = "UT"
  revision = "792786c7400a136282c1664665ae0a8db921c6c2"
  version = "v1.0.0"

[[projects]]
  digest = "1:b6221ec0f8903b556e127c449e7106b63e6867170c2d10a7c058623d086f2081"
  name = "github.com/prometheus/client_golang"
  packages = ["prometheus"]
  pruneopts = "UT"
  revision = "c5b7fccd204277076155f10851dad72b76a49317"
  version = "v0.8.0"

[[projects]]
  branch = "master"
  digest = "1:2d5cd61daa5565187e1d96bae64dbbc6080dacf741448e9629c64fd93203b0d4"
  name = "github.com/prometheus/client_model"
  packages = ["go"]
  pruneopts = "UT"
  revision = "5c3871d89910bfb32f5fcab2aa4b9ec68e65a99f"

[[projects]]
  branch = "master"
  digest = "1:63b68062b8968092eb86bedc4e68894bd096ea6b24920faca8b9dcf451f54bb5"
  name = "github.com/prometheus/common"
  packages = [
    "expfmt",
    "internal/bitbucket.org/ww/goautoneg",
    "model",
  ]
  pruneopts = "UT"
  revision = "c7de2306084e37d54b8be01f3541a8464345e9a5"

[[projects]]
  branch = "master"
  digest = "1:8c49953a1414305f2ff5465147ee576dd705487c35b15918fcd4efdc0cb7a290"
  name = "github.com/prometheus/procfs"
  packages = [
    ".",
    "internal/util",
    "nfs",
    "xfs",
  ]
  pruneopts = "UT"
  revision = "05ee40e3a273f7245e8777337fc7b46e533a9a92"

[[projects]]
  digest = "1:274f67cb6fed9588ea2521ecdac05a6d62a8c51c074c1fccc6a49a40ba80e925"
  name = "github.com/satori/go.uuid"
  packages = ["."]
  pruneopts = "UT"
  revision = "f58768cc1a7a7e77a3bd49e98cdd21419399b6a3"
  version = "v1.2.0"

[[projects]]
  digest = "1:8011d6367a04c40f1a9f50274e5e22b1cd5c05104d87cd8cf21d5a56c0cc3bd8"
  name = "github.com/sirupsen/logrus"
  packages = ["."]
  pruneopts = "UT"
  revision = "ba1b36c82c5e05c4f912a88eab0dcd91a171688f"
  version = "v0.11.5"

[[projects]]
  digest = "1:6a4a11ba764a56d2758899ec6f3848d24698d48442ebce85ee7a3f63284526cd"
  name = "github.com/spf13/afero"
  packages = [
    ".",
    "mem",
  ]
  pruneopts = "UT"
  revision = "d40851caa0d747393da1ffb28f7f9d8b4eeffebd"
  version = "v1.1.2"

[[projects]]
  digest = "1:516e71bed754268937f57d4ecb190e01958452336fa73dbac880894164e91c1f"
  name = "github.com/spf13/cast"
  packages = ["."]
  pruneopts = "UT"
  revision = "8965335b8c7107321228e3e3702cab9832751bac"
  version = "v1.2.0"

[[projects]]
  digest = "1:466208cd4f78e2a453d92381511c0fa7bba694a3b42e5bed4a59f3ecbe1bb567"
  name = "github.com/spf13/cobra"
  packages = ["."]
  pruneopts = "UT"
  revision = "9495bc009a56819bdb0ddbc1a373e29c140bc674"

[[projects]]
  digest = "1:68ea4e23713989dc20b1bded5d9da2c5f9be14ff9885beef481848edd18c26cb"
  name = "github.com/spf13/jwalterweatherman"
  packages = ["."]
  pruneopts = "UT"
  revision = "4a4406e478ca629068e7768fc33f3f044173c0a6"
  version = "v1.0.0"

[[projects]]
  digest = "1:dab83a1bbc7ad3d7a6ba1a1cc1760f25ac38cdf7d96a5cdd55cd915a4f5ceaf9"
  name = "github.com/spf13/pflag"
  packages = ["."]
  pruneopts = "UT"
  revision = "9a97c102cda95a86cec2345a6f09f55a939babf5"
  version = "v1.0.2"

[[projects]]
  digest = "1:6e30a27eac59a148b3f7a32e0ba54706b31dcde5a42f63b22cb47873b62fa343"
  name = "github.com/spf13/viper"
  packages = ["."]
  pruneopts = "UT"
  revision = "8fb642006536c8d3760c99d4fa2389f5e2205631"
  version = "v1.2.0"

[[projects]]
  digest = "1:5110e3d4f130772fd39e6ce8208ad1955b242ccfcc8ad9d158857250579c82f4"
  name = "github.com/stretchr/testify"
  packages = [
    "assert",
    "require",
    "suite",
  ]
  pruneopts = "UT"
  revision = "f35b8ab0b5a2cef36673838d662e249dd9c94686"
  version = "v1.2.2"

[[projects]]
  digest = "1:7bff42fbbef28d0ef60138c92cb3872cacb035133b3cfa39e3ff2c43f1fc332e"
  name = "github.com/wadey/gocovmerge"
  packages = ["."]
  pruneopts = "UT"
  revision = "master"

[[projects]]
  branch = "master"
  digest = "1:6f7f5a5452e6dc8b0665b0fd2b779c3c6b7e70a121e0661aeb03daef7baae58d"
  name = "github.com/zach-klippenstein/goregen"
  packages = ["."]
  pruneopts = "UT"
  revision = "795b5e3961ea1912fde60af417ad85e86acc0d6a"

[[projects]]
  branch = "master"
  digest = "1:7e58efe219fb7277b5530653b6f82a265a78f9e806ccc9352c63b5c3b0662da2"
  name = "golang.org/x/crypto"
  packages = [
    "cast5",
    "ed25519",
    "ed25519/internal/edwards25519",
    "openpgp",
    "openpgp/armor",
    "openpgp/elgamal",
    "openpgp/errors",
    "openpgp/packet",
    "openpgp/s2k",
    "pbkdf2",
  ]
  pruneopts = "UT"
  revision = "0e37d006457bf46f9e6692014ba72ef82c33022c"

[[projects]]
  branch = "master"
  digest = "1:290b8002a96a5f5c1bd8316884f6e2414f5fb1e46a22bbd5a1ff0d45dc944cb3"
  name = "golang.org/x/net"
  packages = [
    "context",
    "websocket",
  ]
  pruneopts = "UT"
  revision = "26e67e76b6c3f6ce91f7c52def5af501b4e0f3a2"

[[projects]]
  branch = "master"
  digest = "1:824ea4aea5f0f50d4e4e139e4a3d7528f70b388dd9162c8ce310eb04581a7d84"
  name = "golang.org/x/sys"
  packages = ["unix"]
  pruneopts = "UT"
  revision = "ee1b12c67af419cf5a9be3bdbeea7fc1c5f32f11"

[[projects]]
  digest = "1:8029e9743749d4be5bc9f7d42ea1659471767860f0cdc34d37c3111bd308a295"
  name = "golang.org/x/text"
  packages = [
    "internal/gen",
    "internal/triegen",
    "internal/ucd",
    "transform",
    "unicode/cldr",
    "unicode/norm",
  ]
  pruneopts = "UT"
  revision = "f21a4dfb5e38f5895301dc265a8def02365cc3d0"
  version = "v0.3.0"

[[projects]]
  branch = "master"
  digest = "1:8c9586280e165728ac4924b199d3a6ffb3d54dabf25446f32846d264a15d3620"
  name = "golang.org/x/tools"
  packages = [
    "cover",
    "go/ast/astutil",
  ]
  pruneopts = "UT"
  revision = "90fa682c2a6e6a37b3a1364ce2fe1d5e41af9d6d"

[[projects]]
  digest = "1:3575a8d7c78eb470712b298b2eb42b8ac028c79527e74c865da360f35d1fed7f"
  name = "gopkg.in/h2non/gock.v1"
  packages = ["."]
  pruneopts = "UT"
  revision = "v1.0.10"

[[projects]]
  digest = "1:02d2c5be9a35ce750536e74af0d98aca806f225913a3ab28f285843d6283c70d"
  name = "gopkg.in/square/go-jose.v2"
  packages = [
    ".",
    "cipher",
    "json",
  ]
  pruneopts = "UT"
  revision = "8254d6c783765f38c8675fae4427a1fe73fbd09d"
  version = "v2.1.8"

[[projects]]
  digest = "1:342378ac4dcb378a5448dd723f0784ae519383532f5e70ade24132c4c8693202"
  name = "gopkg.in/yaml.v2"
  packages = ["."]
  pruneopts = "UT"
  revision = "5420a8b6744d3b0345ab293f6fcba19c978f1183"
  version = "v2.2.1"

[solve-meta]
  analyzer-name = "dep"
  analyzer-version = 1
  input-imports = [
    "github.com/Unleash/unleash-client-go",
    "github.com/Unleash/unleash-client-go/context",
    "github.com/arquillian/ike-prow-plugins/pkg/retry",
    "github.com/dgrijalva/jwt-go",
    "github.com/dgrijalva/jwt-go/request",
    "github.com/dnaeon/go-vcr/cassette",
    "github.com/dnaeon/go-vcr/recorder",
    "github.com/fabric8-services/fabric8-auth/design",
    "github.com/fabric8-services/fabric8-auth/errors",
    "github.com/fabric8-services/fabric8-common/errors",
    "github.com/fabric8-services/fabric8-common/log",
    "github.com/fabric8-services/fabric8-common/sentry",
    "github.com/fabric8-services/fabric8-common/token",
    "github.com/fabric8-services/fabric8-oso-proxy/log",
    "github.com/fabric8-services/fabric8-wit/errors",
    "github.com/fabric8-services/fabric8-wit/goamiddleware",
    "github.com/fabric8-services/fabric8-wit/resource",
    "github.com/fabric8-services/fabric8-wit/rest",
    "github.com/getsentry/raven-go",
    "github.com/ghodss/yaml",
    "github.com/goadesign/goa",
    "github.com/goadesign/goa/client",
    "github.com/goadesign/goa/cors",
    "github.com/goadesign/goa/design",
    "github.com/goadesign/goa/design/apidsl",
    "github.com/goadesign/goa/encoding/form",
    "github.com/goadesign/goa/goagen",
    "github.com/goadesign/goa/goagen/codegen",
    "github.com/goadesign/goa/goagen/gen_app",
    "github.com/goadesign/goa/goagen/gen_client",
    "github.com/goadesign/goa/goagen/gen_controller",
    "github.com/goadesign/goa/goagen/gen_swagger",
    "github.com/goadesign/goa/goagen/utils",
    "github.com/goadesign/goa/goatest",
    "github.com/goadesign/goa/logging/logrus",
    "github.com/goadesign/goa/middleware",
    "github.com/goadesign/goa/middleware/gzip",
    "github.com/goadesign/goa/middleware/security/jwt",
    "github.com/goadesign/goa/uuid",
    "github.com/jinzhu/gorm",
    "github.com/jstemmer/go-junit-report",
    "github.com/jteeuwen/go-bindata/go-bindata",
    "github.com/lib/pq",
    "github.com/pkg/errors",
    "github.com/prometheus/client_golang/prometheus",
    "github.com/satori/go.uuid",
    "github.com/sirupsen/logrus",
    "github.com/spf13/cobra",
    "github.com/spf13/viper",
    "github.com/stretchr/testify/assert",
    "github.com/stretchr/testify/require",
    "github.com/stretchr/testify/suite",
    "github.com/wadey/gocovmerge",
    "golang.org/x/crypto/openpgp",
    "golang.org/x/net/context",
    "gopkg.in/h2non/gock.v1",
    "gopkg.in/square/go-jose.v2",
    "gopkg.in/yaml.v2",
  ]
  solver-name = "gps-cdcl"
  solver-version = 1
